
Microsoft Visual Studio Solution File, Format Version 12.00
# Visual Studio Version 17
VisualStudioVersion = 17.5.002.0
MinimumVisualStudioVersion = 10.0.40219.1
Project("{9A19103F-16F7-4668-BE54-9A1E7A4F7556}") = "UserInterface", "UserInterface\UserInterface.csproj", "{C0D09238-CA71-497A-AAC9-FDF53BF77BC3}"
EndProject
Global
	GlobalSection(SolutionConfigurationPlatforms) = preSolution
		Debug|Any CPU = Debug|Any CPU
		Release|Any CPU = Release|Any CPU
	EndGlobalSection
	GlobalSection(ProjectConfigurationPlatforms) = postSolution
		{C0D09238-CA71-497A-AAC9-FDF53BF77BC3}.Debug|Any CPU.ActiveCfg = Debug|Any CPU
		{C0D09238-CA71-497A-AAC9-FDF53BF77BC3}.Debug|Any CPU.Build.0 = Debug|Any CPU
		{C0D09238-CA71-497A-AAC9-FDF53BF77BC3}.Release|Any CPU.ActiveCfg = Release|Any CPU
		{C0D09238-CA71-497A-AAC9-FDF53BF77BC3}.Release|Any CPU.Build.0 = Release|Any CPU
	EndGlobalSection
	GlobalSection(SolutionProperties) = preSolution
		HideSolutionNode = FALSE
	EndGlobalSection
	GlobalSection(ExtensibilityGlobals) = postSolution
		SolutionGuid = {0DB4D908-A250-4971-833B-0FC6DF8AB057}
	EndGlobalSection
EndGlobal
